
Microsoft Visual Studio Solution File, Format Version 12.00
# Visual Studio Version 16
VisualStudioVersion = 16.0.30413.136
MinimumVisualStudioVersion = 10.0.40219.1
Project("{FAE04EC0-301F-11D3-BF4B-00C04F79EFBC}") = "Luggage", "Luggage\Luggage.csproj", "{EADB8209-E569-4186-AA37-9664597B10B7}"
EndProject
Global
	GlobalSection(SolutionConfigurationPlatforms) = preSolution
		Debug|Any CPU = Debug|Any CPU
		Release|Any CPU = Release|Any CPU
	EndGlobalSection
	GlobalSection(ProjectConfigurationPlatforms) = postSolution
		{EADB8209-E569-4186-AA37-9664597B10B7}.Debug|Any CPU.ActiveCfg = Debug|Any CPU
		{EADB8209-E569-4186-AA37-9664597B10B7}.Debug|Any CPU.Build.0 = Debug|Any CPU
		{EADB8209-E569-4186-AA37-9664597B10B7}.Release|Any CPU.ActiveCfg = Release|Any CPU
		{EADB8209-E569-4186-AA37-9664597B10B7}.Release|Any CPU.Build.0 = Release|Any CPU
	EndGlobalSection
	GlobalSection(SolutionProperties) = preSolution
		HideSolutionNode = FALSE
	EndGlobalSection
	GlobalSection(ExtensibilityGlobals) = postSolution
		SolutionGuid = {D26CA08D-8841-4CE8-9475-569E7E058D66}
	EndGlobalSection
EndGlobal
